
Microsoft Visual Studio Solution File, Format Version 12.00
# Visual Studio Version 17
VisualStudioVersion = 17.11.35312.102
MinimumVisualStudioVersion = 10.0.40219.1
Project("{FAE04EC0-301F-11D3-BF4B-00C04F79EFBC}") = "Ap2ProjectApi", "Ap2ProjectApi.csproj", "{8923534D-B09A-4FB6-A96F-E9D9AAA29A09}"
EndProject
Project("{FAE04EC0-301F-11D3-BF4B-00C04F79EFBC}") = "Ap2ProjectApi.Data", "..\Ap2ProjectApi.Data\Ap2ProjectApi.Data.csproj", "{EA354BEB-6197-4304-B3D5-F579F92830E6}"
EndProject
Global
	GlobalSection(SolutionConfigurationPlatforms) = preSolution
		Debug|Any CPU = Debug|Any CPU
		Release|Any CPU = Release|Any CPU
	EndGlobalSection
	GlobalSection(ProjectConfigurationPlatforms) = postSolution
		{8923534D-B09A-4FB6-A96F-E9D9AAA29A09}.Debug|Any CPU.ActiveCfg = Debug|Any CPU
		{8923534D-B09A-4FB6-A96F-E9D9AAA29A09}.Debug|Any CPU.Build.0 = Debug|Any CPU
		{8923534D-B09A-4FB6-A96F-E9D9AAA29A09}.Release|Any CPU.ActiveCfg = Release|Any CPU
		{8923534D-B09A-4FB6-A96F-E9D9AAA29A09}.Release|Any CPU.Build.0 = Release|Any CPU
		{EA354BEB-6197-4304-B3D5-F579F92830E6}.Debug|Any CPU.ActiveCfg = Debug|Any CPU
		{EA354BEB-6197-4304-B3D5-F579F92830E6}.Debug|Any CPU.Build.0 = Debug|Any CPU
		{EA354BEB-6197-4304-B3D5-F579F92830E6}.Release|Any CPU.ActiveCfg = Release|Any CPU
		{EA354BEB-6197-4304-B3D5-F579F92830E6}.Release|Any CPU.Build.0 = Release|Any CPU
	EndGlobalSection
	GlobalSection(SolutionProperties) = preSolution
		HideSolutionNode = FALSE
	EndGlobalSection
	GlobalSection(ExtensibilityGlobals) = postSolution
		SolutionGuid = {14DFC7CC-5661-4F22-A6FD-7DAD6C71B560}
	EndGlobalSection
EndGlobal
